// !$*UTF8*$!
{
	archiveVersion = 1;
	classes = {
	};
	objectVersion = 50;
	objects = {

/* Begin PBXBuildFile section */
		01103D6123CF510900102475 /* AppDelegate.swift in Sources */ = {isa = PBXBuildFile; fileRef = 01103D6023CF510900102475 /* AppDelegate.swift */; };
		01103D6323CF510900102475 /* SceneDelegate.swift in Sources */ = {isa = PBXBuildFile; fileRef = 01103D6223CF510900102475 /* SceneDelegate.swift */; };
		01103D6523CF510900102475 /* ViewController.swift in Sources */ = {isa = PBXBuildFile; fileRef = 01103D6423CF510900102475 /* ViewController.swift */; };
		01103D6823CF510900102475 /* Main.storyboard in Resources */ = {isa = PBXBuildFile; fileRef = 01103D6623CF510900102475 /* Main.storyboard */; };
		01103D6A23CF510A00102475 /* Assets.xcassets in Resources */ = {isa = PBXBuildFile; fileRef = 01103D6923CF510A00102475 /* Assets.xcassets */; };
		01103D6D23CF510A00102475 /* LaunchScreen.storyboard in Resources */ = {isa = PBXBuildFile; fileRef = 01103D6B23CF510A00102475 /* LaunchScreen.storyboard */; };
		01103D7523CF541900102475 /* PointOfInterest.swift in Sources */ = {isa = PBXBuildFile; fileRef = 01103D7423CF541900102475 /* PointOfInterest.swift */; };
		01103D7723CF546900102475 /* DataSource.swift in Sources */ = {isa = PBXBuildFile; fileRef = 01103D7623CF546900102475 /* DataSource.swift */; };
		01103D7A23CF5D7100102475 /* MapKit.framework in Frameworks */ = {isa = PBXBuildFile; fileRef = 01103D7923CF5D7100102475 /* MapKit.framework */; };
/* End PBXBuildFile section */

/* Begin PBXFileReference section */
		01103D5D23CF510900102475 /* DiscoMap.app */ = {isa = PBXFileReference; explicitFileType = wrapper.application; includeInIndex = 0; path = DiscoMap.app; sourceTree = BUILT_PRODUCTS_DIR; };
		01103D6023CF510900102475 /* AppDelegate.swift */ = {isa = PBXFileReference; lastKnownFileType = sourcecode.swift; path = AppDelegate.swift; sourceTree = "<group>"; };
		01103D6223CF510900102475 /* SceneDelegate.swift */ = {isa = PBXFileReference; lastKnownFileType = sourcecode.swift; path = SceneDelegate.swift; sourceTree = "<group>"; };
		01103D6423CF510900102475 /* ViewController.swift */ = {isa = PBXFileReference; lastKnownFileType = sourcecode.swift; path = ViewController.swift; sourceTree = "<group>"; };
		01103D6723CF510900102475 /* Base */ = {isa = PBXFileReference; lastKnownFileType = file.storyboard; name = Base; path = Base.lproj/Main.storyboard; sourceTree = "<group>"; };
		01103D6923CF510A00102475 /* Assets.xcassets */ = {isa = PBXFileReference; lastKnownFileType = folder.assetcatalog; path = Assets.xcassets; sourceTree = "<group>"; };
		01103D6C23CF510A00102475 /* Base */ = {isa = PBXFileReference; lastKnownFileType = file.storyboard; name = Base; path = Base.lproj/LaunchScreen.storyboard; sourceTree = "<group>"; };
		01103D6E23CF510A00102475 /* Info.plist */ = {isa = PBXFileReference; lastKnownFileType = text.plist.xml; path = Info.plist; sourceTree = "<group>"; };
		01103D7423CF541900102475 /* PointOfInterest.swift */ = {isa = PBXFileReference; lastKnownFileType = sourcecode.swift; path = PointOfInterest.swift; sourceTree = "<group>"; };
		01103D7623CF546900102475 /* DataSource.swift */ = {isa = PBXFileReference; lastKnownFileType = sourcecode.swift; path = DataSource.swift; sourceTree = "<group>"; };
		01103D7923CF5D7100102475 /* MapKit.framework */ = {isa = PBXFileReference; lastKnownFileType = wrapper.framework; name = MapKit.framework; path = System/Library/Frameworks/MapKit.framework; sourceTree = SDKROOT; };
/* End PBXFileReference section */

/* Begin PBXFrameworksBuildPhase section */
		01103D5A23CF510900102475 /* Frameworks */ = {
			isa = PBXFrameworksBuildPhase;
			buildActionMask = 2147483647;
			files = (
				01103D7A23CF5D7100102475 /* MapKit.framework in Frameworks */,
			);
			runOnlyForDeploymentPostprocessing = 0;
		};
/* End PBXFrameworksBuildPhase section */

/* Begin PBXGroup section */
		01103D5423CF510900102475 = {
			isa = PBXGroup;
			children = (
				01103D5F23CF510900102475 /* DiscoMap */,
				01103D5E23CF510900102475 /* Products */,
				01103D7823CF5D7100102475 /* Frameworks */,
			);
			sourceTree = "<group>";
		};
		01103D5E23CF510900102475 /* Products */ = {
			isa = PBXGroup;
			children = (
				01103D5D23CF510900102475 /* DiscoMap.app */,
			);
			name = Products;
			sourceTree = "<group>";
		};
		01103D5F23CF510900102475 /* DiscoMap */ = {
			isa = PBXGroup;
			children = (
				01103D6023CF510900102475 /* AppDelegate.swift */,
				01103D6223CF510900102475 /* SceneDelegate.swift */,
				01103D6423CF510900102475 /* ViewController.swift */,
				01103D6623CF510900102475 /* Main.storyboard */,
				01103D6923CF510A00102475 /* Assets.xcassets */,
				01103D6B23CF510A00102475 /* LaunchScreen.storyboard */,
				01103D6E23CF510A00102475 /* Info.plist */,
				01103D7423CF541900102475 /* PointOfInterest.swift */,
				01103D7623CF546900102475 /* DataSource.swift */,
			);
			path = DiscoMap;
			sourceTree = "<group>";
		};
		01103D7823CF5D7100102475 /* Frameworks */ = {
			isa = PBXGroup;
			children = (
				01103D7923CF5D7100102475 /* MapKit.framework */,
			);
			name = Frameworks;
			sourceTree = "<group>";
		};
/* End PBXGroup section */

/* Begin PBXNativeTarget section */
		01103D5C23CF510900102475 /* DiscoMap */ = {
			isa = PBXNativeTarget;
			buildConfigurationList = 01103D7123CF510A00102475 /* Build configuration list for PBXNativeTarget "DiscoMap" */;
			buildPhases = (
				01103D5923CF510900102475 /* Sources */,
				01103D5A23CF510900102475 /* Frameworks */,
				01103D5B23CF510900102475 /* Resources */,
			);
			buildRules = (
			);
			dependencies = (
			);
			name = DiscoMap;
			productName = DiscoMap;
			productReference = 01103D5D23CF510900102475 /* DiscoMap.app */;
			productType = "com.apple.product-type.application";
		};
/* End PBXNativeTarget section */

/* Begin PBXProject section */
		01103D5523CF510900102475 /* Project object */ = {
			isa = PBXProject;
			attributes = {
				LastSwiftUpdateCheck = 1130;
				LastUpgradeCheck = 1130;
				ORGANIZATIONNAME = H3AR7B3A7;
				TargetAttributes = {
					01103D5C23CF510900102475 = {
						CreatedOnToolsVersion = 11.3;
					};
				};
			};
			buildConfigurationList = 01103D5823CF510900102475 /* Build configuration list for PBXProject "DiscoMap" */;
			compatibilityVersion = "Xcode 9.3";
			developmentRegion = en;
			hasScannedForEncodings = 0;
			knownRegions = (
				en,
				Base,
			);
			mainGroup = 01103D5423CF510900102475;
			productRefGroup = 01103D5E23CF510900102475 /* Products */;
			projectDirPath = "";
			projectRoot = "";
			targets = (
				01103D5C23CF510900102475 /* DiscoMap */,
			);
		};
/* End PBXProject section */

/* Begin PBXResourcesBuildPhase section */
		01103D5B23CF510900102475 /* Resources */ = {
			isa = PBXResourcesBuildPhase;
			buildActionMask = 2147483647;
			files = (
				01103D6D23CF510A00102475 /* LaunchScreen.storyboard in Resources */,
				01103D6A23CF510A00102475 /* Assets.xcassets in Resources */,
				01103D6823CF510900102475 /* Main.storyboard in Resources */,
			);
			runOnlyForDeploymentPostprocessing = 0;
		};
/* End PBXResourcesBuildPhase section */

/* Begin PBXSourcesBuildPhase section */
		01103D5923CF510900102475 /* Sources */ = {
			isa = PBXSourcesBuildPhase;
			buildActionMask = 2147483647;
			files = (
				01103D6523CF510900102475 /* ViewController.swift in Sources */,
				01103D7523CF541900102475 /* PointOfInterest.swift in Sources */,
				01103D6123CF510900102475 /* AppDelegate.swift in Sources */,
				01103D7723CF546900102475 /* DataSource.swift in Sources */,
				01103D6323CF510900102475 /* SceneDelegate.swift in Sources */,
			);
			runOnlyForDeploymentPostprocessing = 0;
		};
/* End PBXSourcesBuildPhase section */

/* Begin PBXVariantGroup section */
		01103D6623CF510900102475 /* Main.storyboard */ = {
			isa = PBXVariantGroup;
			children = (
				01103D6723CF510900102475 /* Base */,
			);
			name = Main.storyboard;
			sourceTree = "<group>";
		};
		01103D6B23CF510A00102475 /* LaunchScreen.storyboard */ = {
			isa = PBXVariantGroup;
			children = (
				01103D6C23CF510A00102475 /* Base */,
			);
			name = LaunchScreen.storyboard;
			sourceTree = "<group>";
		};
/* End PBXVariantGroup section */

/* Begin XCBuildConfiguration section */
		01103D6F23CF510A00102475 /* Debug */ = {
			isa = XCBuildConfiguration;
			buildSettings = {
				ALWAYS_SEARCH_USER_PATHS = NO;
				CLANG_ANALYZER_NONNULL = YES;
				CLANG_ANALYZER_NUMBER_OBJECT_CONVERSION = YES_AGGRESSIVE;
				CLANG_CXX_LANGUAGE_STANDARD = "gnu++14";
				CLANG_CXX_LIBRARY = "libc++";
				CLANG_ENABLE_MODULES = YES;
				CLANG_ENABLE_OBJC_ARC = YES;
				CLANG_ENABLE_OBJC_WEAK = YES;
				CLANG_WARN_BLOCK_CAPTURE_AUTORELEASING = YES;
				CLANG_WARN_BOOL_CONVERSION = YES;
				CLANG_WARN_COMMA = YES;
				CLANG_WARN_CONSTANT_CONVERSION = YES;
				CLANG_WARN_DEPRECATED_OBJC_IMPLEMENTATIONS = YES;
				CLANG_WARN_DIRECT_OBJC_ISA_USAGE = YES_ERROR;
				CLANG_WARN_DOCUMENTATION_COMMENTS = YES;
				CLANG_WARN_EMPTY_BODY = YES;
				CLANG_WARN_ENUM_CONVERSION = YES;
				CLANG_WARN_INFINITE_RECURSION = YES;
				CLANG_WARN_INT_CONVERSION = YES;
				CLANG_WARN_NON_LITERAL_NULL_CONVERSION = YES;
				CLANG_WARN_OBJC_IMPLICIT_RETAIN_SELF = YES;
				CLANG_WARN_OBJC_LITERAL_CONVERSION = YES;
				CLANG_WARN_OBJC_ROOT_CLASS = YES_ERROR;
				CLANG_WARN_RANGE_LOOP_ANALYSIS = YES;
				CLANG_WARN_STRICT_PROTOTYPES = YES;
				CLANG_WARN_SUSPICIOUS_MOVE = YES;
				CLANG_WARN_UNGUARDED_AVAILABILITY = YES_AGGRESSIVE;
				CLANG_WARN_UNREACHABLE_CODE = YES;
				CLANG_WARN__DUPLICATE_METHOD_MATCH = YES;
				COPY_PHASE_STRIP = NO;
				DEBUG_INFORMATION_FORMAT = dwarf;
				ENABLE_STRICT_OBJC_MSGSEND = YES;
				ENABLE_TESTABILITY = YES;
				GCC_C_LANGUAGE_STANDARD = gnu11;
				GCC_DYNAMIC_NO_PIC = NO;
				GCC_NO_COMMON_BLOCKS = YES;
				GCC_OPTIMIZATION_LEVEL = 0;
				GCC_PREPROCESSOR_DEFINITIONS = (
					"DEBUG=1",
					"$(inherited)",
				);
				GCC_WARN_64_TO_32_BIT_CONVERSION = YES;
				GCC_WARN_ABOUT_RETURN_TYPE = YES_ERROR;
				GCC_WARN_UNDECLARED_SELECTOR = YES;
				GCC_WARN_UNINITIALIZED_AUTOS = YES_AGGRESSIVE;
				GCC_WARN_UNUSED_FUNCTION = YES;
				GCC_WARN_UNUSED_VARIABLE = YES;
				IPHONEOS_DEPLOYMENT_TARGET = 13.2;
				MTL_ENABLE_DEBUG_INFO = INCLUDE_SOURCE;
				MTL_FAST_MATH = YES;
				ONLY_ACTIVE_ARCH = YES;
				SDKROOT = iphoneos;
				SWIFT_ACTIVE_COMPILATION_CONDITIONS = DEBUG;
				SWIFT_OPTIMIZATION_LEVEL = "-Onone";
			};
			name = Debug;
		};
		01103D7023CF510A00102475 /* Release */ = {
			isa = XCBuildConfiguration;
			buildSettings = {
				ALWAYS_SEARCH_USER_PATHS = NO;
				CLANG_ANALYZER_NONNULL = YES;
				CLANG_ANALYZER_NUMBER_OBJECT_CONVERSION = YES_AGGRESSIVE;
				CLANG_CXX_LANGUAGE_STANDARD = "gnu++14";
				CLANG_CXX_LIBRARY = "libc++";
				CLANG_ENABLE_MODULES = YES;
				CLANG_ENABLE_OBJC_ARC = YES;
				CLANG_ENABLE_OBJC_WEAK = YES;
				CLANG_WARN_BLOCK_CAPTURE_AUTORELEASING = YES;
				CLANG_WARN_BOOL_CONVERSION = YES;
				CLANG_WARN_COMMA = YES;
				CLANG_WARN_CONSTANT_CONVERSION = YES;
				CLANG_WARN_DEPRECATED_OBJC_IMPLEMENTATIONS = YES;
				CLANG_WARN_DIRECT_OBJC_ISA_USAGE = YES_ERROR;
				CLANG_WARN_DOCUMENTATION_COMMENTS = YES;
				CLANG_WARN_EMPTY_BODY = YES;
				CLANG_WARN_ENUM_CONVERSION = YES;
				CLANG_WARN_INFINITE_RECURSION = YES;
				CLANG_WARN_INT_CONVERSION = YES;
				CLANG_WARN_NON_LITERAL_NULL_CONVERSION = YES;
				CLANG_WARN_OBJC_IMPLICIT_RETAIN_SELF = YES;
				CLANG_WARN_OBJC_LITERAL_CONVERSION = YES;
				CLANG_WARN_OBJC_ROOT_CLASS = YES_ERROR;
				CLANG_WARN_RANGE_LOOP_ANALYSIS = YES;
				CLANG_WARN_STRICT_PROTOTYPES = YES;
				CLANG_WARN_SUSPICIOUS_MOVE = YES;
				CLANG_WARN_UNGUARDED_AVAILABILITY = YES_AGGRESSIVE;
				CLANG_WARN_UNREACHABLE_CODE = YES;
				CLANG_WARN__DUPLICATE_METHOD_MATCH = YES;
				COPY_PHASE_STRIP = NO;
				DEBUG_INFORMATION_FORMAT = "dwarf-with-dsym";
				ENABLE_NS_ASSERTIONS = NO;
				ENABLE_STRICT_OBJC_MSGSEND = YES;
				GCC_C_LANGUAGE_STANDARD = gnu11;
				GCC_NO_COMMON_BLOCKS = YES;
				GCC_WARN_64_TO_32_BIT_CONVERSION = YES;
				GCC_WARN_ABOUT_RETURN_TYPE = YES_ERROR;
				GCC_WARN_UNDECLARED_SELECTOR = YES;
				GCC_WARN_UNINITIALIZED_AUTOS = YES_AGGRESSIVE;
				GCC_WARN_UNUSED_FUNCTION = YES;
				GCC_WARN_UNUSED_VARIABLE = YES;
				IPHONEOS_DEPLOYMENT_TARGET = 13.2;
				MTL_ENABLE_DEBUG_INFO = NO;
				MTL_FAST_MATH = YES;
				SDKROOT = iphoneos;
				SWIFT_COMPILATION_MODE = wholemodule;
				SWIFT_OPTIMIZATION_LEVEL = "-O";
				VALIDATE_PRODUCT = YES;
			};
			name = Release;
		};
		01103D7223CF510A00102475 /* Debug */ = {
			isa = XCBuildConfiguration;
			buildSettings = {
				ASSETCATALOG_COMPILER_APPICON_NAME = AppIcon;
				CODE_SIGN_STYLE = Automatic;
				INFOPLIST_FILE = DiscoMap/Info.plist;
				LD_RUNPATH_SEARCH_PATHS = (
					"$(inherited)",
					"@executable_path/Frameworks",
				);
				PRODUCT_BUNDLE_IDENTIFIER = be.steven.D.dog.DiscoMap;
				PRODUCT_NAME = "$(TARGET_NAME)";
				SWIFT_VERSION = 5.0;
				TARGETED_DEVICE_FAMILY = 1;
			};
			name = Debug;
		};
		01103D7323CF510A00102475 /* Release */ = {
			isa = XCBuildConfiguration;
			buildSettings = {
				ASSETCATALOG_COMPILER_APPICON_NAME = AppIcon;
				CODE_SIGN_STYLE = Automatic;
				INFOPLIST_FILE = DiscoMap/Info.plist;
				LD_RUNPATH_SEARCH_PATHS = (
					"$(inherited)",
					"@executable_path/Frameworks",
				);
				PRODUCT_BUNDLE_IDENTIFIER = be.steven.D.dog.DiscoMap;
				PRODUCT_NAME = "$(TARGET_NAME)";
				SWIFT_VERSION = 5.0;
				TARGETED_DEVICE_FAMILY = 1;
			};
			name = Release;
		};
/* End XCBuildConfiguration section */

/* Begin XCConfigurationList section */
		01103D5823CF510900102475 /* Build configuration list for PBXProject "DiscoMap" */ = {
			isa = XCConfigurationList;
			buildConfigurations = (
				01103D6F23CF510A00102475 /* Debug */,
				01103D7023CF510A00102475 /* Release */,
			);
			defaultConfigurationIsVisible = 0;
			defaultConfigurationName = Release;
		};
		01103D7123CF510A00102475 /* Build configuration list for PBXNativeTarget "DiscoMap" */ = {
			isa = XCConfigurationList;
			buildConfigurations = (
				01103D7223CF510A00102475 /* Debug */,
				01103D7323CF510A00102475 /* Release */,
			);
			defaultConfigurationIsVisible = 0;
			defaultConfigurationName = Release;
		};
/* End XCConfigurationList section */
	};
	rootObject = 01103D5523CF510900102475 /* Project object */;
}
